// !$*UTF8*$!
{
	archiveVersion = 1;
	classes = {
	};
	objectVersion = 55;
	objects = {

/* Begin PBXBuildFile section */
		CE385A6C28216DB50070831E /* Food_AppApp.swift in Sources */ = {isa = PBXBuildFile; fileRef = CE385A6B28216DB50070831E /* Food_AppApp.swift */; };
		CE385A6E28216DB50070831E /* ContentView.swift in Sources */ = {isa = PBXBuildFile; fileRef = CE385A6D28216DB50070831E /* ContentView.swift */; };
		CE385A7028216DB80070831E /* Assets.xcassets in Resources */ = {isa = PBXBuildFile; fileRef = CE385A6F28216DB80070831E /* Assets.xcassets */; };
		CE385A7328216DB80070831E /* Preview Assets.xcassets in Resources */ = {isa = PBXBuildFile; fileRef = CE385A7228216DB80070831E /* Preview Assets.xcassets */; };
		CE385A7D28216DB90070831E /* Food_AppTests.swift in Sources */ = {isa = PBXBuildFile; fileRef = CE385A7C28216DB90070831E /* Food_AppTests.swift */; };
		CE385A8728216DB90070831E /* Food_AppUITests.swift in Sources */ = {isa = PBXBuildFile; fileRef = CE385A8628216DB90070831E /* Food_AppUITests.swift */; };
		CE385A8928216DB90070831E /* Food_AppUITestsLaunchTests.swift in Sources */ = {isa = PBXBuildFile; fileRef = CE385A8828216DB90070831E /* Food_AppUITestsLaunchTests.swift */; };
/* End PBXBuildFile section */

/* Begin PBXContainerItemProxy section */
		CE385A7928216DB90070831E /* PBXContainerItemProxy */ = {
			isa = PBXContainerItemProxy;
			containerPortal = CE385A6028216DB50070831E /* Project object */;
			proxyType = 1;
			remoteGlobalIDString = CE385A6728216DB50070831E;
			remoteInfo = "Food App";
		};
		CE385A8328216DB90070831E /* PBXContainerItemProxy */ = {
			isa = PBXContainerItemProxy;
			containerPortal = CE385A6028216DB50070831E /* Project object */;
			proxyType = 1;
			remoteGlobalIDString = CE385A6728216DB50070831E;
			remoteInfo = "Food App";
		};
/* End PBXContainerItemProxy section */

/* Begin PBXFileReference section */
		CE385A6828216DB50070831E /* Food App.app */ = {isa = PBXFileReference; explicitFileType = wrapper.application; includeInIndex = 0; path = "Food App.app"; sourceTree = BUILT_PRODUCTS_DIR; };
		CE385A6B28216DB50070831E /* Food_AppApp.swift */ = {isa = PBXFileReference; lastKnownFileType = sourcecode.swift; path = Food_AppApp.swift; sourceTree = "<group>"; };
		CE385A6D28216DB50070831E /* ContentView.swift */ = {isa = PBXFileReference; lastKnownFileType = sourcecode.swift; path = ContentView.swift; sourceTree = "<group>"; };
		CE385A6F28216DB80070831E /* Assets.xcassets */ = {isa = PBXFileReference; lastKnownFileType = folder.assetcatalog; path = Assets.xcassets; sourceTree = "<group>"; };
		CE385A7228216DB80070831E /* Preview Assets.xcassets */ = {isa = PBXFileReference; lastKnownFileType = folder.assetcatalog; path = "Preview Assets.xcassets"; sourceTree = "<group>"; };
		CE385A7828216DB90070831E /* Food AppTests.xctest */ = {isa = PBXFileReference; explicitFileType = wrapper.cfbundle; includeInIndex = 0; path = "Food AppTests.xctest"; sourceTree = BUILT_PRODUCTS_DIR; };
		CE385A7C28216DB90070831E /* Food_AppTests.swift */ = {isa = PBXFileReference; lastKnownFileType = sourcecode.swift; path = Food_AppTests.swift; sourceTree = "<group>"; };
		CE385A8228216DB90070831E /* Food AppUITests.xctest */ = {isa = PBXFileReference; explicitFileType = wrapper.cfbundle; includeInIndex = 0; path = "Food AppUITests.xctest"; sourceTree = BUILT_PRODUCTS_DIR; };
		CE385A8628216DB90070831E /* Food_AppUITests.swift */ = {isa = PBXFileReference; lastKnownFileType = sourcecode.swift; path = Food_AppUITests.swift; sourceTree = "<group>"; };
		CE385A8828216DB90070831E /* Food_AppUITestsLaunchTests.swift */ = {isa = PBXFileReference; lastKnownFileType = sourcecode.swift; path = Food_AppUITestsLaunchTests.swift; sourceTree = "<group>"; };
/* End PBXFileReference section */

/* Begin PBXFrameworksBuildPhase section */
		CE385A6528216DB50070831E /* Frameworks */ = {
			isa = PBXFrameworksBuildPhase;
			buildActionMask = 2147483647;
			files = (
			);
			runOnlyForDeploymentPostprocessing = 0;
		};
		CE385A7528216DB90070831E /* Frameworks */ = {
			isa = PBXFrameworksBuildPhase;
			buildActionMask = 2147483647;
			files = (
			);
			runOnlyForDeploymentPostprocessing = 0;
		};
		CE385A7F28216DB90070831E /* Frameworks */ = {
			isa = PBXFrameworksBuildPhase;
			buildActionMask = 2147483647;
			files = (
			);
			runOnlyForDeploymentPostprocessing = 0;
		};
/* End PBXFrameworksBuildPhase section */

/* Begin PBXGroup section */
		CE385A5F28216DB50070831E = {
			isa = PBXGroup;
			children = (
				CE385A6A28216DB50070831E /* Food App */,
				CE385A7B28216DB90070831E /* Food AppTests */,
				CE385A8528216DB90070831E /* Food AppUITests */,
				CE385A6928216DB50070831E /* Products */,
			);
			sourceTree = "<group>";
		};
		CE385A6928216DB50070831E /* Products */ = {
			isa = PBXGroup;
			children = (
				CE385A6828216DB50070831E /* Food App.app */,
				CE385A7828216DB90070831E /* Food AppTests.xctest */,
				CE385A8228216DB90070831E /* Food AppUITests.xctest */,
			);
			name = Products;
			sourceTree = "<group>";
		};
		CE385A6A28216DB50070831E /* Food App */ = {
			isa = PBXGroup;
			children = (
				CE385A6B28216DB50070831E /* Food_AppApp.swift */,
				CE385A6D28216DB50070831E /* ContentView.swift */,
				CE385A6F28216DB80070831E /* Assets.xcassets */,
				CE385A7128216DB80070831E /* Preview Content */,
			);
			path = "Food App";
			sourceTree = "<group>";
		};
		CE385A7128216DB80070831E /* Preview Content */ = {
			isa = PBXGroup;
			children = (
				CE385A7228216DB80070831E /* Preview Assets.xcassets */,
			);
			path = "Preview Content";
			sourceTree = "<group>";
		};
		CE385A7B28216DB90070831E /* Food AppTests */ = {
			isa = PBXGroup;
			children = (
				CE385A7C28216DB90070831E /* Food_AppTests.swift */,
			);
			path = "Food AppTests";
			sourceTree = "<group>";
		};
		CE385A8528216DB90070831E /* Food AppUITests */ = {
			isa = PBXGroup;
			children = (
				CE385A8628216DB90070831E /* Food_AppUITests.swift */,
				CE385A8828216DB90070831E /* Food_AppUITestsLaunchTests.swift */,
			);
			path = "Food AppUITests";
			sourceTree = "<group>";
		};
/* End PBXGroup section */

/* Begin PBXNativeTarget section */
		CE385A6728216DB50070831E /* Food App */ = {
			isa = PBXNativeTarget;
			buildConfigurationList = CE385A8C28216DB90070831E /* Build configuration list for PBXNativeTarget "Food App" */;
			buildPhases = (
				CE385A6428216DB50070831E /* Sources */,
				CE385A6528216DB50070831E /* Frameworks */,
				CE385A6628216DB50070831E /* Resources */,
			);
			buildRules = (
			);
			dependencies = (
			);
			name = "Food App";
			productName = "Food App";
			productReference = CE385A6828216DB50070831E /* Food App.app */;
			productType = "com.apple.product-type.application";
		};
		CE385A7728216DB90070831E /* Food AppTests */ = {
			isa = PBXNativeTarget;
			buildConfigurationList = CE385A8F28216DB90070831E /* Build configuration list for PBXNativeTarget "Food AppTests" */;
			buildPhases = (
				CE385A7428216DB90070831E /* Sources */,
				CE385A7528216DB90070831E /* Frameworks */,
				CE385A7628216DB90070831E /* Resources */,
			);
			buildRules = (
			);
			dependencies = (
				CE385A7A28216DB90070831E /* PBXTargetDependency */,
			);
			name = "Food AppTests";
			productName = "Food AppTests";
			productReference = CE385A7828216DB90070831E /* Food AppTests.xctest */;
			productType = "com.apple.product-type.bundle.unit-test";
		};
		CE385A8128216DB90070831E /* Food AppUITests */ = {
			isa = PBXNativeTarget;
			buildConfigurationList = CE385A9228216DB90070831E /* Build configuration list for PBXNativeTarget "Food AppUITests" */;
			buildPhases = (
				CE385A7E28216DB90070831E /* Sources */,
				CE385A7F28216DB90070831E /* Frameworks */,
				CE385A8028216DB90070831E /* Resources */,
			);
			buildRules = (
			);
			dependencies = (
				CE385A8428216DB90070831E /* PBXTargetDependency */,
			);
			name = "Food AppUITests";
			productName = "Food AppUITests";
			productReference = CE385A8228216DB90070831E /* Food AppUITests.xctest */;
			productType = "com.apple.product-type.bundle.ui-testing";
		};
/* End PBXNativeTarget section */

/* Begin PBXProject section */
		CE385A6028216DB50070831E /* Project object */ = {
			isa = PBXProject;
			attributes = {
				BuildIndependentTargetsInParallel = 1;
				LastSwiftUpdateCheck = 1330;
				LastUpgradeCheck = 1330;
				TargetAttributes = {
					CE385A6728216DB50070831E = {
						CreatedOnToolsVersion = 13.3;
					};
					CE385A7728216DB90070831E = {
						CreatedOnToolsVersion = 13.3;
						TestTargetID = CE385A6728216DB50070831E;
					};
					CE385A8128216DB90070831E = {
						CreatedOnToolsVersion = 13.3;
						TestTargetID = CE385A6728216DB50070831E;
					};
				};
			};
			buildConfigurationList = CE385A6328216DB50070831E /* Build configuration list for PBXProject "Food App" */;
			compatibilityVersion = "Xcode 13.0";
			developmentRegion = en;
			hasScannedForEncodings = 0;
			knownRegions = (
				en,
				Base,
			);
			mainGroup = CE385A5F28216DB50070831E;
			productRefGroup = CE385A6928216DB50070831E /* Products */;
			projectDirPath = "";
			projectRoot = "";
			targets = (
				CE385A6728216DB50070831E /* Food App */,
				CE385A7728216DB90070831E /* Food AppTests */,
				CE385A8128216DB90070831E /* Food AppUITests */,
			);
		};
/* End PBXProject section */

/* Begin PBXResourcesBuildPhase section */
		CE385A6628216DB50070831E /* Resources */ = {
			isa = PBXResourcesBuildPhase;
			buildActionMask = 2147483647;
			files = (
				CE385A7328216DB80070831E /* Preview Assets.xcassets in Resources */,
				CE385A7028216DB80070831E /* Assets.xcassets in Resources */,
			);
			runOnlyForDeploymentPostprocessing = 0;
		};
		CE385A7628216DB90070831E /* Resources */ = {
			isa = PBXResourcesBuildPhase;
			buildActionMask = 2147483647;
			files = (
			);
			runOnlyForDeploymentPostprocessing = 0;
		};
		CE385A8028216DB90070831E /* Resources */ = {
			isa = PBXResourcesBuildPhase;
			buildActionMask = 2147483647;
			files = (
			);
			runOnlyForDeploymentPostprocessing = 0;
		};
/* End PBXResourcesBuildPhase section */

/* Begin PBXSourcesBuildPhase section */
		CE385A6428216DB50070831E /* Sources */ = {
			isa = PBXSourcesBuildPhase;
			buildActionMask = 2147483647;
			files = (
				CE385A6E28216DB50070831E /* ContentView.swift in Sources */,
				CE385A6C28216DB50070831E /* Food_AppApp.swift in Sources */,
			);
			runOnlyForDeploymentPostprocessing = 0;
		};
		CE385A7428216DB90070831E /* Sources */ = {
			isa = PBXSourcesBuildPhase;
			buildActionMask = 2147483647;
			files = (
				CE385A7D28216DB90070831E /* Food_AppTests.swift in Sources */,
			);
			runOnlyForDeploymentPostprocessing = 0;
		};
		CE385A7E28216DB90070831E /* Sources */ = {
			isa = PBXSourcesBuildPhase;
			buildActionMask = 2147483647;
			files = (
				CE385A8928216DB90070831E /* Food_AppUITestsLaunchTests.swift in Sources */,
				CE385A8728216DB90070831E /* Food_AppUITests.swift in Sources */,
			);
			runOnlyForDeploymentPostprocessing = 0;
		};
/* End PBXSourcesBuildPhase section */

/* Begin PBXTargetDependency section */
		CE385A7A28216DB90070831E /* PBXTargetDependency */ = {
			isa = PBXTargetDependency;
			target = CE385A6728216DB50070831E /* Food App */;
			targetProxy = CE385A7928216DB90070831E /* PBXContainerItemProxy */;
		};
		CE385A8428216DB90070831E /* PBXTargetDependency */ = {
			isa = PBXTargetDependency;
			target = CE385A6728216DB50070831E /* Food App */;
			targetProxy = CE385A8328216DB90070831E /* PBXContainerItemProxy */;
		};
/* End PBXTargetDependency section */

/* Begin XCBuildConfiguration section */
		CE385A8A28216DB90070831E /* Debug */ = {
			isa = XCBuildConfiguration;
			buildSettings = {
				ALWAYS_SEARCH_USER_PATHS = NO;
				CLANG_ANALYZER_NONNULL = YES;
				CLANG_ANALYZER_NUMBER_OBJECT_CONVERSION = YES_AGGRESSIVE;
				CLANG_CXX_LANGUAGE_STANDARD = "gnu++17";
				CLANG_ENABLE_MODULES = YES;
				CLANG_ENABLE_OBJC_ARC = YES;
				CLANG_ENABLE_OBJC_WEAK = YES;
				CLANG_WARN_BLOCK_CAPTURE_AUTORELEASING = YES;
				CLANG_WARN_BOOL_CONVERSION = YES;
				CLANG_WARN_COMMA = YES;
				CLANG_WARN_CONSTANT_CONVERSION = YES;
				CLANG_WARN_DEPRECATED_OBJC_IMPLEMENTATIONS = YES;
				CLANG_WARN_DIRECT_OBJC_ISA_USAGE = YES_ERROR;
				CLANG_WARN_DOCUMENTATION_COMMENTS = YES;
				CLANG_WARN_EMPTY_BODY = YES;
				CLANG_WARN_ENUM_CONVERSION = YES;
				CLANG_WARN_INFINITE_RECURSION = YES;
				CLANG_WARN_INT_CONVERSION = YES;
				CLANG_WARN_NON_LITERAL_NULL_CONVERSION = YES;
				CLANG_WARN_OBJC_IMPLICIT_RETAIN_SELF = YES;
				CLANG_WARN_OBJC_LITERAL_CONVERSION = YES;
				CLANG_WARN_OBJC_ROOT_CLASS = YES_ERROR;
				CLANG_WARN_QUOTED_INCLUDE_IN_FRAMEWORK_HEADER = YES;
				CLANG_WARN_RANGE_LOOP_ANALYSIS = YES;
				CLANG_WARN_STRICT_PROTOTYPES = YES;
				CLANG_WARN_SUSPICIOUS_MOVE = YES;
				CLANG_WARN_UNGUARDED_AVAILABILITY = YES_AGGRESSIVE;
				CLANG_WARN_UNREACHABLE_CODE = YES;
				CLANG_WARN__DUPLICATE_METHOD_MATCH = YES;
				COPY_PHASE_STRIP = NO;
				DEBUG_INFORMATION_FORMAT = dwarf;
				ENABLE_STRICT_OBJC_MSGSEND = YES;
				ENABLE_TESTABILITY = YES;
				GCC_C_LANGUAGE_STANDARD = gnu11;
				GCC_DYNAMIC_NO_PIC = NO;
				GCC_NO_COMMON_BLOCKS = YES;
				GCC_OPTIMIZATION_LEVEL = 0;
				GCC_PREPROCESSOR_DEFINITIONS = (
					"DEBUG=1",
					"$(inherited)",
				);
				GCC_WARN_64_TO_32_BIT_CONVERSION = YES;
				GCC_WARN_ABOUT_RETURN_TYPE = YES_ERROR;
				GCC_WARN_UNDECLARED_SELECTOR = YES;
				GCC_WARN_UNINITIALIZED_AUTOS = YES_AGGRESSIVE;
				GCC_WARN_UNUSED_FUNCTION = YES;
				GCC_WARN_UNUSED_VARIABLE = YES;
				IPHONEOS_DEPLOYMENT_TARGET = 15.4;
				MTL_ENABLE_DEBUG_INFO = INCLUDE_SOURCE;
				MTL_FAST_MATH = YES;
				ONLY_ACTIVE_ARCH = YES;
				SDKROOT = iphoneos;
				SWIFT_ACTIVE_COMPILATION_CONDITIONS = DEBUG;
				SWIFT_OPTIMIZATION_LEVEL = "-Onone";
			};
			name = Debug;
		};
		CE385A8B28216DB90070831E /* Release */ = {
			isa = XCBuildConfiguration;
			buildSettings = {
				ALWAYS_SEARCH_USER_PATHS = NO;
				CLANG_ANALYZER_NONNULL = YES;
				CLANG_ANALYZER_NUMBER_OBJECT_CONVERSION = YES_AGGRESSIVE;
				CLANG_CXX_LANGUAGE_STANDARD = "gnu++17";
				CLANG_ENABLE_MODULES = YES;
				CLANG_ENABLE_OBJC_ARC = YES;
				CLANG_ENABLE_OBJC_WEAK = YES;
				CLANG_WARN_BLOCK_CAPTURE_AUTORELEASING = YES;
				CLANG_WARN_BOOL_CONVERSION = YES;
				CLANG_WARN_COMMA = YES;
				CLANG_WARN_CONSTANT_CONVERSION = YES;
				CLANG_WARN_DEPRECATED_OBJC_IMPLEMENTATIONS = YES;
				CLANG_WARN_DIRECT_OBJC_ISA_USAGE = YES_ERROR;
				CLANG_WARN_DOCUMENTATION_COMMENTS = YES;
				CLANG_WARN_EMPTY_BODY = YES;
				CLANG_WARN_ENUM_CONVERSION = YES;
				CLANG_WARN_INFINITE_RECURSION = YES;
				CLANG_WARN_INT_CONVERSION = YES;
				CLANG_WARN_NON_LITERAL_NULL_CONVERSION = YES;
				CLANG_WARN_OBJC_IMPLICIT_RETAIN_SELF = YES;
				CLANG_WARN_OBJC_LITERAL_CONVERSION = YES;
				CLANG_WARN_OBJC_ROOT_CLASS = YES_ERROR;
				CLANG_WARN_QUOTED_INCLUDE_IN_FRAMEWORK_HEADER = YES;
				CLANG_WARN_RANGE_LOOP_ANALYSIS = YES;
				CLANG_WARN_STRICT_PROTOTYPES = YES;
				CLANG_WARN_SUSPICIOUS_MOVE = YES;
				CLANG_WARN_UNGUARDED_AVAILABILITY = YES_AGGRESSIVE;
				CLANG_WARN_UNREACHABLE_CODE = YES;
				CLANG_WARN__DUPLICATE_METHOD_MATCH = YES;
				COPY_PHASE_STRIP = NO;
				DEBUG_INFORMATION_FORMAT = "dwarf-with-dsym";
				ENABLE_NS_ASSERTIONS = NO;
				ENABLE_STRICT_OBJC_MSGSEND = YES;
				GCC_C_LANGUAGE_STANDARD = gnu11;
				GCC_NO_COMMON_BLOCKS = YES;
				GCC_WARN_64_TO_32_BIT_CONVERSION = YES;
				GCC_WARN_ABOUT_RETURN_TYPE = YES_ERROR;
				GCC_WARN_UNDECLARED_SELECTOR = YES;
				GCC_WARN_UNINITIALIZED_AUTOS = YES_AGGRESSIVE;
				GCC_WARN_UNUSED_FUNCTION = YES;
				GCC_WARN_UNUSED_VARIABLE = YES;
				IPHONEOS_DEPLOYMENT_TARGET = 15.4;
				MTL_ENABLE_DEBUG_INFO = NO;
				MTL_FAST_MATH = YES;
				SDKROOT = iphoneos;
				SWIFT_COMPILATION_MODE = wholemodule;
				SWIFT_OPTIMIZATION_LEVEL = "-O";
				VALIDATE_PRODUCT = YES;
			};
			name = Release;
		};
		CE385A8D28216DB90070831E /* Debug */ = {
			isa = XCBuildConfiguration;
			buildSettings = {
				ASSETCATALOG_COMPILER_APPICON_NAME = AppIcon;
				ASSETCATALOG_COMPILER_GLOBAL_ACCENT_COLOR_NAME = AccentColor;
				CODE_SIGN_STYLE = Automatic;
				CURRENT_PROJECT_VERSION = 1;
				DEVELOPMENT_ASSET_PATHS = "\"Food App/Preview Content\"";
				DEVELOPMENT_TEAM = J69KB9AJDV;
				ENABLE_PREVIEWS = YES;
				GENERATE_INFOPLIST_FILE = YES;
				INFOPLIST_KEY_UIApplicationSceneManifest_Generation = YES;
				INFOPLIST_KEY_UIApplicationSupportsIndirectInputEvents = YES;
				INFOPLIST_KEY_UILaunchScreen_Generation = YES;
				INFOPLIST_KEY_UISupportedInterfaceOrientations_iPad = "UIInterfaceOrientationPortrait UIInterfaceOrientationPortraitUpsideDown UIInterfaceOrientationLandscapeLeft UIInterfaceOrientationLandscapeRight";
				INFOPLIST_KEY_UISupportedInterfaceOrientations_iPhone = "UIInterfaceOrientationPortrait UIInterfaceOrientationLandscapeLeft UIInterfaceOrientationLandscapeRight";
				LD_RUNPATH_SEARCH_PATHS = (
					"$(inherited)",
					"@executable_path/Frameworks",
				);
				MARKETING_VERSION = 1.0;
				PRODUCT_BUNDLE_IDENTIFIER = "com.wyyksoftsinc.Food-App";
				PRODUCT_NAME = "$(TARGET_NAME)";
				SWIFT_EMIT_LOC_STRINGS = YES;
				SWIFT_VERSION = 5.0;
				TARGETED_DEVICE_FAMILY = "1,2";
			};
			name = Debug;
		};
		CE385A8E28216DB90070831E /* Release */ = {
			isa = XCBuildConfiguration;
			buildSettings = {
				ASSETCATALOG_COMPILER_APPICON_NAME = AppIcon;
				ASSETCATALOG_COMPILER_GLOBAL_ACCENT_COLOR_NAME = AccentColor;
				CODE_SIGN_STYLE = Automatic;
				CURRENT_PROJECT_VERSION = 1;
				DEVELOPMENT_ASSET_PATHS = "\"Food App/Preview Content\"";
				DEVELOPMENT_TEAM = J69KB9AJDV;
				ENABLE_PREVIEWS = YES;
				GENERATE_INFOPLIST_FILE = YES;
				INFOPLIST_KEY_UIApplicationSceneManifest_Generation = YES;
				INFOPLIST_KEY_UIApplicationSupportsIndirectInputEvents = YES;
				INFOPLIST_KEY_UILaunchScreen_Generation = YES;
				INFOPLIST_KEY_UISupportedInterfaceOrientations_iPad = "UIInterfaceOrientationPortrait UIInterfaceOrientationPortraitUpsideDown UIInterfaceOrientationLandscapeLeft UIInterfaceOrientationLandscapeRight";
				INFOPLIST_KEY_UISupportedInterfaceOrientations_iPhone = "UIInterfaceOrientationPortrait UIInterfaceOrientationLandscapeLeft UIInterfaceOrientationLandscapeRight";
				LD_RUNPATH_SEARCH_PATHS = (
					"$(inherited)",
					"@executable_path/Frameworks",
				);
				MARKETING_VERSION = 1.0;
				PRODUCT_BUNDLE_IDENTIFIER = "com.wyyksoftsinc.Food-App";
				PRODUCT_NAME = "$(TARGET_NAME)";
				SWIFT_EMIT_LOC_STRINGS = YES;
				SWIFT_VERSION = 5.0;
				TARGETED_DEVICE_FAMILY = "1,2";
			};
			name = Release;
		};
		CE385A9028216DB90070831E /* Debug */ = {
			isa = XCBuildConfiguration;
			buildSettings = {
				ALWAYS_EMBED_SWIFT_STANDARD_LIBRARIES = YES;
				BUNDLE_LOADER = "$(TEST_HOST)";
				CODE_SIGN_STYLE = Automatic;
				CURRENT_PROJECT_VERSION = 1;
				DEVELOPMENT_TEAM = J69KB9AJDV;
				GENERATE_INFOPLIST_FILE = YES;
				IPHONEOS_DEPLOYMENT_TARGET = 15.4;
				MARKETING_VERSION = 1.0;
				PRODUCT_BUNDLE_IDENTIFIER = "com.wyyksoftsinc.Food-AppTests";
				PRODUCT_NAME = "$(TARGET_NAME)";
				SWIFT_EMIT_LOC_STRINGS = NO;
				SWIFT_VERSION = 5.0;
				TARGETED_DEVICE_FAMILY = "1,2";
				TEST_HOST = "$(BUILT_PRODUCTS_DIR)/Food App.app/Food App";
			};
			name = Debug;
		};
		CE385A9128216DB90070831E /* Release */ = {
			isa = XCBuildConfiguration;
			buildSettings = {
				ALWAYS_EMBED_SWIFT_STANDARD_LIBRARIES = YES;
				BUNDLE_LOADER = "$(TEST_HOST)";
				CODE_SIGN_STYLE = Automatic;
				CURRENT_PROJECT_VERSION = 1;
				DEVELOPMENT_TEAM = J69KB9AJDV;
				GENERATE_INFOPLIST_FILE = YES;
				IPHONEOS_DEPLOYMENT_TARGET = 15.4;
				MARKETING_VERSION = 1.0;
				PRODUCT_BUNDLE_IDENTIFIER = "com.wyyksoftsinc.Food-AppTests";
				PRODUCT_NAME = "$(TARGET_NAME)";
				SWIFT_EMIT_LOC_STRINGS = NO;
				SWIFT_VERSION = 5.0;
				TARGETED_DEVICE_FAMILY = "1,2";
				TEST_HOST = "$(BUILT_PRODUCTS_DIR)/Food App.app/Food App";
			};
			name = Release;
		};
		CE385A9328216DB90070831E /* Debug */ = {
			isa = XCBuildConfiguration;
			buildSettings = {
				ALWAYS_EMBED_SWIFT_STANDARD_LIBRARIES = YES;
				CODE_SIGN_STYLE = Automatic;
				CURRENT_PROJECT_VERSION = 1;
				DEVELOPMENT_TEAM = J69KB9AJDV;
				GENERATE_INFOPLIST_FILE = YES;
				MARKETING_VERSION = 1.0;
				PRODUCT_BUNDLE_IDENTIFIER = "com.wyyksoftsinc.Food-AppUITests";
				PRODUCT_NAME = "$(TARGET_NAME)";
				SWIFT_EMIT_LOC_STRINGS = NO;
				SWIFT_VERSION = 5.0;
				TARGETED_DEVICE_FAMILY = "1,2";
				TEST_TARGET_NAME = "Food App";
			};
			name = Debug;
		};
		CE385A9428216DB90070831E /* Release */ = {
			isa = XCBuildConfiguration;
			buildSettings = {
				ALWAYS_EMBED_SWIFT_STANDARD_LIBRARIES = YES;
				CODE_SIGN_STYLE = Automatic;
				CURRENT_PROJECT_VERSION = 1;
				DEVELOPMENT_TEAM = J69KB9AJDV;
				GENERATE_INFOPLIST_FILE = YES;
				MARKETING_VERSION = 1.0;
				PRODUCT_BUNDLE_IDENTIFIER = "com.wyyksoftsinc.Food-AppUITests";
				PRODUCT_NAME = "$(TARGET_NAME)";
				SWIFT_EMIT_LOC_STRINGS = NO;
				SWIFT_VERSION = 5.0;
				TARGETED_DEVICE_FAMILY = "1,2";
				TEST_TARGET_NAME = "Food App";
			};
			name = Release;
		};
/* End XCBuildConfiguration section */

/* Begin XCConfigurationList section */
		CE385A6328216DB50070831E /* Build configuration list for PBXProject "Food App" */ = {
			isa = XCConfigurationList;
			buildConfigurations = (
				CE385A8A28216DB90070831E /* Debug */,
				CE385A8B28216DB90070831E /* Release */,
			);
			defaultConfigurationIsVisible = 0;
			defaultConfigurationName = Release;
		};
		CE385A8C28216DB90070831E /* Build configuration list for PBXNativeTarget "Food App" */ = {
			isa = XCConfigurationList;
			buildConfigurations = (
				CE385A8D28216DB90070831E /* Debug */,
				CE385A8E28216DB90070831E /* Release */,
			);
			defaultConfigurationIsVisible = 0;
			defaultConfigurationName = Release;
		};
		CE385A8F28216DB90070831E /* Build configuration list for PBXNativeTarget "Food AppTests" */ = {
			isa = XCConfigurationList;
			buildConfigurations = (
				CE385A9028216DB90070831E /* Debug */,
				CE385A9128216DB90070831E /* Release */,
			);
			defaultConfigurationIsVisible = 0;
			defaultConfigurationName = Release;
		};
		CE385A9228216DB90070831E /* Build configuration list for PBXNativeTarget "Food AppUITests" */ = {
			isa = XCConfigurationList;
			buildConfigurations = (
				CE385A9328216DB90070831E /* Debug */,
				CE385A9428216DB90070831E /* Release */,
			);
			defaultConfigurationIsVisible = 0;
			defaultConfigurationName = Release;
		};
/* End XCConfigurationList section */
	};
	rootObject = CE385A6028216DB50070831E /* Project object */;
}
